// !$*UTF8*$!
{
	archiveVersion = 1;
	classes = {
	};
	objectVersion = 50;
	objects = {

/* Begin PBXBuildFile section */
		2A173E89245D5CA400FD3C05 /* AppDelegate.swift in Sources */ = {isa = PBXBuildFile; fileRef = 2A173E88245D5CA400FD3C05 /* AppDelegate.swift */; };
		2A173E8B245D5CA400FD3C05 /* SceneDelegate.swift in Sources */ = {isa = PBXBuildFile; fileRef = 2A173E8A245D5CA400FD3C05 /* SceneDelegate.swift */; };
		2A173E8D245D5CA400FD3C05 /* ViewController.swift in Sources */ = {isa = PBXBuildFile; fileRef = 2A173E8C245D5CA400FD3C05 /* ViewController.swift */; };
		2A173E90245D5CA400FD3C05 /* Main.storyboard in Resources */ = {isa = PBXBuildFile; fileRef = 2A173E8E245D5CA400FD3C05 /* Main.storyboard */; };
		2A173E92245D5CA500FD3C05 /* Assets.xcassets in Resources */ = {isa = PBXBuildFile; fileRef = 2A173E91245D5CA500FD3C05 /* Assets.xcassets */; };
		2A173E95245D5CA500FD3C05 /* LaunchScreen.storyboard in Resources */ = {isa = PBXBuildFile; fileRef = 2A173E93245D5CA500FD3C05 /* LaunchScreen.storyboard */; };
		2A173E9D245DBA9400FD3C05 /* CardModel.swift in Sources */ = {isa = PBXBuildFile; fileRef = 2A173E9C245DBA9400FD3C05 /* CardModel.swift */; };
		2A173E9F245DBB6600FD3C05 /* Card.swift in Sources */ = {isa = PBXBuildFile; fileRef = 2A173E9E245DBB6600FD3C05 /* Card.swift */; };
		2A173EA1245DD28C00FD3C05 /* CardCollectionViewCell.swift in Sources */ = {isa = PBXBuildFile; fileRef = 2A173EA0245DD28C00FD3C05 /* CardCollectionViewCell.swift */; };
/* End PBXBuildFile section */

/* Begin PBXFileReference section */
		2A173E85245D5CA400FD3C05 /* MatchGame.app */ = {isa = PBXFileReference; explicitFileType = wrapper.application; includeInIndex = 0; path = MatchGame.app; sourceTree = BUILT_PRODUCTS_DIR; };
		2A173E88245D5CA400FD3C05 /* AppDelegate.swift */ = {isa = PBXFileReference; lastKnownFileType = sourcecode.swift; path = AppDelegate.swift; sourceTree = "<group>"; };
		2A173E8A245D5CA400FD3C05 /* SceneDelegate.swift */ = {isa = PBXFileReference; lastKnownFileType = sourcecode.swift; path = SceneDelegate.swift; sourceTree = "<group>"; };
		2A173E8C245D5CA400FD3C05 /* ViewController.swift */ = {isa = PBXFileReference; lastKnownFileType = sourcecode.swift; path = ViewController.swift; sourceTree = "<group>"; };
		2A173E8F245D5CA400FD3C05 /* Base */ = {isa = PBXFileReference; lastKnownFileType = file.storyboard; name = Base; path = Base.lproj/Main.storyboard; sourceTree = "<group>"; };
		2A173E91245D5CA500FD3C05 /* Assets.xcassets */ = {isa = PBXFileReference; lastKnownFileType = folder.assetcatalog; path = Assets.xcassets; sourceTree = "<group>"; };
		2A173E94245D5CA500FD3C05 /* Base */ = {isa = PBXFileReference; lastKnownFileType = file.storyboard; name = Base; path = Base.lproj/LaunchScreen.storyboard; sourceTree = "<group>"; };
		2A173E96245D5CA500FD3C05 /* Info.plist */ = {isa = PBXFileReference; lastKnownFileType = text.plist.xml; path = Info.plist; sourceTree = "<group>"; };
		2A173E9C245DBA9400FD3C05 /* CardModel.swift */ = {isa = PBXFileReference; lastKnownFileType = sourcecode.swift; path = CardModel.swift; sourceTree = "<group>"; };
		2A173E9E245DBB6600FD3C05 /* Card.swift */ = {isa = PBXFileReference; lastKnownFileType = sourcecode.swift; path = Card.swift; sourceTree = "<group>"; };
		2A173EA0245DD28C00FD3C05 /* CardCollectionViewCell.swift */ = {isa = PBXFileReference; lastKnownFileType = sourcecode.swift; path = CardCollectionViewCell.swift; sourceTree = "<group>"; };
/* End PBXFileReference section */

/* Begin PBXFrameworksBuildPhase section */
		2A173E82245D5CA400FD3C05 /* Frameworks */ = {
			isa = PBXFrameworksBuildPhase;
			buildActionMask = 2147483647;
			files = (
			);
			runOnlyForDeploymentPostprocessing = 0;
		};
/* End PBXFrameworksBuildPhase section */

/* Begin PBXGroup section */
		2A173E7C245D5CA400FD3C05 = {
			isa = PBXGroup;
			children = (
				2A173E87245D5CA400FD3C05 /* MatchGame */,
				2A173E86245D5CA400FD3C05 /* Products */,
			);
			sourceTree = "<group>";
		};
		2A173E86245D5CA400FD3C05 /* Products */ = {
			isa = PBXGroup;
			children = (
				2A173E85245D5CA400FD3C05 /* MatchGame.app */,
			);
			name = Products;
			sourceTree = "<group>";
		};
		2A173E87245D5CA400FD3C05 /* MatchGame */ = {
			isa = PBXGroup;
			children = (
				2A173EA3245DE72A00FD3C05 /* Models */,
				2A173EA2245DE71600FD3C05 /* View Controllers */,
				2A173E88245D5CA400FD3C05 /* AppDelegate.swift */,
				2A173E8A245D5CA400FD3C05 /* SceneDelegate.swift */,
				2A173E9E245DBB6600FD3C05 /* Card.swift */,
				2A173E8E245D5CA400FD3C05 /* Main.storyboard */,
				2A173E91245D5CA500FD3C05 /* Assets.xcassets */,
				2A173E93245D5CA500FD3C05 /* LaunchScreen.storyboard */,
				2A173E96245D5CA500FD3C05 /* Info.plist */,
				2A173EA0245DD28C00FD3C05 /* CardCollectionViewCell.swift */,
			);
			path = MatchGame;
			sourceTree = "<group>";
		};
		2A173EA2245DE71600FD3C05 /* View Controllers */ = {
			isa = PBXGroup;
			children = (
				2A173E8C245D5CA400FD3C05 /* ViewController.swift */,
			);
			path = "View Controllers";
			sourceTree = "<group>";
		};
		2A173EA3245DE72A00FD3C05 /* Models */ = {
			isa = PBXGroup;
			children = (
				2A173E9C245DBA9400FD3C05 /* CardModel.swift */,
			);
			path = Models;
			sourceTree = "<group>";
		};
/* End PBXGroup section */

/* Begin PBXNativeTarget section */
		2A173E84245D5CA400FD3C05 /* MatchGame */ = {
			isa = PBXNativeTarget;
			buildConfigurationList = 2A173E99245D5CA500FD3C05 /* Build configuration list for PBXNativeTarget "MatchGame" */;
			buildPhases = (
				2A173E81245D5CA400FD3C05 /* Sources */,
				2A173E82245D5CA400FD3C05 /* Frameworks */,
				2A173E83245D5CA400FD3C05 /* Resources */,
			);
			buildRules = (
			);
			dependencies = (
			);
			name = MatchGame;
			productName = MatchGame;
			productReference = 2A173E85245D5CA400FD3C05 /* MatchGame.app */;
			productType = "com.apple.product-type.application";
		};
/* End PBXNativeTarget section */

/* Begin PBXProject section */
		2A173E7D245D5CA400FD3C05 /* Project object */ = {
			isa = PBXProject;
			attributes = {
				LastSwiftUpdateCheck = 1140;
				LastUpgradeCheck = 1140;
				ORGANIZATIONNAME = "Brandan Sayarath";
				TargetAttributes = {
					2A173E84245D5CA400FD3C05 = {
						CreatedOnToolsVersion = 11.4.1;
					};
				};
			};
			buildConfigurationList = 2A173E80245D5CA400FD3C05 /* Build configuration list for PBXProject "MatchGame" */;
			compatibilityVersion = "Xcode 9.3";
			developmentRegion = en;
			hasScannedForEncodings = 0;
			knownRegions = (
				en,
				Base,
			);
			mainGroup = 2A173E7C245D5CA400FD3C05;
			productRefGroup = 2A173E86245D5CA400FD3C05 /* Products */;
			projectDirPath = "";
			projectRoot = "";
			targets = (
				2A173E84245D5CA400FD3C05 /* MatchGame */,
			);
		};
/* End PBXProject section */

/* Begin PBXResourcesBuildPhase section */
		2A173E83245D5CA400FD3C05 /* Resources */ = {
			isa = PBXResourcesBuildPhase;
			buildActionMask = 2147483647;
			files = (
				2A173E95245D5CA500FD3C05 /* LaunchScreen.storyboard in Resources */,
				2A173E92245D5CA500FD3C05 /* Assets.xcassets in Resources */,
				2A173E90245D5CA400FD3C05 /* Main.storyboard in Resources */,
			);
			runOnlyForDeploymentPostprocessing = 0;
		};
/* End PBXResourcesBuildPhase section */

/* Begin PBXSourcesBuildPhase section */
		2A173E81245D5CA400FD3C05 /* Sources */ = {
			isa = PBXSourcesBuildPhase;
			buildActionMask = 2147483647;
			files = (
				2A173E8D245D5CA400FD3C05 /* ViewController.swift in Sources */,
				2A173E9D245DBA9400FD3C05 /* CardModel.swift in Sources */,
				2A173E9F245DBB6600FD3C05 /* Card.swift in Sources */,
				2A173E89245D5CA400FD3C05 /* AppDelegate.swift in Sources */,
				2A173EA1245DD28C00FD3C05 /* CardCollectionViewCell.swift in Sources */,
				2A173E8B245D5CA400FD3C05 /* SceneDelegate.swift in Sources */,
			);
			runOnlyForDeploymentPostprocessing = 0;
		};
/* End PBXSourcesBuildPhase section */

/* Begin PBXVariantGroup section */
		2A173E8E245D5CA400FD3C05 /* Main.storyboard */ = {
			isa = PBXVariantGroup;
			children = (
				2A173E8F245D5CA400FD3C05 /* Base */,
			);
			name = Main.storyboard;
			sourceTree = "<group>";
		};
		2A173E93245D5CA500FD3C05 /* LaunchScreen.storyboard */ = {
			isa = PBXVariantGroup;
			children = (
				2A173E94245D5CA500FD3C05 /* Base */,
			);
			name = LaunchScreen.storyboard;
			sourceTree = "<group>";
		};
/* End PBXVariantGroup section */

/* Begin XCBuildConfiguration section */
		2A173E97245D5CA500FD3C05 /* Debug */ = {
			isa = XCBuildConfiguration;
			buildSettings = {
				ALWAYS_SEARCH_USER_PATHS = NO;
				CLANG_ANALYZER_NONNULL = YES;
				CLANG_ANALYZER_NUMBER_OBJECT_CONVERSION = YES_AGGRESSIVE;
				CLANG_CXX_LANGUAGE_STANDARD = "gnu++14";
				CLANG_CXX_LIBRARY = "libc++";
				CLANG_ENABLE_MODULES = YES;
				CLANG_ENABLE_OBJC_ARC = YES;
				CLANG_ENABLE_OBJC_WEAK = YES;
				CLANG_WARN_BLOCK_CAPTURE_AUTORELEASING = YES;
				CLANG_WARN_BOOL_CONVERSION = YES;
				CLANG_WARN_COMMA = YES;
				CLANG_WARN_CONSTANT_CONVERSION = YES;
				CLANG_WARN_DEPRECATED_OBJC_IMPLEMENTATIONS = YES;
				CLANG_WARN_DIRECT_OBJC_ISA_USAGE = YES_ERROR;
				CLANG_WARN_DOCUMENTATION_COMMENTS = YES;
				CLANG_WARN_EMPTY_BODY = YES;
				CLANG_WARN_ENUM_CONVERSION = YES;
				CLANG_WARN_INFINITE_RECURSION = YES;
				CLANG_WARN_INT_CONVERSION = YES;
				CLANG_WARN_NON_LITERAL_NULL_CONVERSION = YES;
				CLANG_WARN_OBJC_IMPLICIT_RETAIN_SELF = YES;
				CLANG_WARN_OBJC_LITERAL_CONVERSION = YES;
				CLANG_WARN_OBJC_ROOT_CLASS = YES_ERROR;
				CLANG_WARN_RANGE_LOOP_ANALYSIS = YES;
				CLANG_WARN_STRICT_PROTOTYPES = YES;
				CLANG_WARN_SUSPICIOUS_MOVE = YES;
				CLANG_WARN_UNGUARDED_AVAILABILITY = YES_AGGRESSIVE;
				CLANG_WARN_UNREACHABLE_CODE = YES;
				CLANG_WARN__DUPLICATE_METHOD_MATCH = YES;
				COPY_PHASE_STRIP = NO;
				DEBUG_INFORMATION_FORMAT = dwarf;
				ENABLE_STRICT_OBJC_MSGSEND = YES;
				ENABLE_TESTABILITY = YES;
				GCC_C_LANGUAGE_STANDARD = gnu11;
				GCC_DYNAMIC_NO_PIC = NO;
				GCC_NO_COMMON_BLOCKS = YES;
				GCC_OPTIMIZATION_LEVEL = 0;
				GCC_PREPROCESSOR_DEFINITIONS = (
					"DEBUG=1",
					"$(inherited)",
				);
				GCC_WARN_64_TO_32_BIT_CONVERSION = YES;
				GCC_WARN_ABOUT_RETURN_TYPE = YES_ERROR;
				GCC_WARN_UNDECLARED_SELECTOR = YES;
				GCC_WARN_UNINITIALIZED_AUTOS = YES_AGGRESSIVE;
				GCC_WARN_UNUSED_FUNCTION = YES;
				GCC_WARN_UNUSED_VARIABLE = YES;
				IPHONEOS_DEPLOYMENT_TARGET = 13.4;
				MTL_ENABLE_DEBUG_INFO = INCLUDE_SOURCE;
				MTL_FAST_MATH = YES;
				ONLY_ACTIVE_ARCH = YES;
				SDKROOT = iphoneos;
				SWIFT_ACTIVE_COMPILATION_CONDITIONS = DEBUG;
				SWIFT_OPTIMIZATION_LEVEL = "-Onone";
			};
			name = Debug;
		};
		2A173E98245D5CA500FD3C05 /* Release */ = {
			isa = XCBuildConfiguration;
			buildSettings = {
				ALWAYS_SEARCH_USER_PATHS = NO;
				CLANG_ANALYZER_NONNULL = YES;
				CLANG_ANALYZER_NUMBER_OBJECT_CONVERSION = YES_AGGRESSIVE;
				CLANG_CXX_LANGUAGE_STANDARD = "gnu++14";
				CLANG_CXX_LIBRARY = "libc++";
				CLANG_ENABLE_MODULES = YES;
				CLANG_ENABLE_OBJC_ARC = YES;
				CLANG_ENABLE_OBJC_WEAK = YES;
				CLANG_WARN_BLOCK_CAPTURE_AUTORELEASING = YES;
				CLANG_WARN_BOOL_CONVERSION = YES;
				CLANG_WARN_COMMA = YES;
				CLANG_WARN_CONSTANT_CONVERSION = YES;
				CLANG_WARN_DEPRECATED_OBJC_IMPLEMENTATIONS = YES;
				CLANG_WARN_DIRECT_OBJC_ISA_USAGE = YES_ERROR;
				CLANG_WARN_DOCUMENTATION_COMMENTS = YES;
				CLANG_WARN_EMPTY_BODY = YES;
				CLANG_WARN_ENUM_CONVERSION = YES;
				CLANG_WARN_INFINITE_RECURSION = YES;
				CLANG_WARN_INT_CONVERSION = YES;
				CLANG_WARN_NON_LITERAL_NULL_CONVERSION = YES;
				CLANG_WARN_OBJC_IMPLICIT_RETAIN_SELF = YES;
				CLANG_WARN_OBJC_LITERAL_CONVERSION = YES;
				CLANG_WARN_OBJC_ROOT_CLASS = YES_ERROR;
				CLANG_WARN_RANGE_LOOP_ANALYSIS = YES;
				CLANG_WARN_STRICT_PROTOTYPES = YES;
				CLANG_WARN_SUSPICIOUS_MOVE = YES;
				CLANG_WARN_UNGUARDED_AVAILABILITY = YES_AGGRESSIVE;
				CLANG_WARN_UNREACHABLE_CODE = YES;
				CLANG_WARN__DUPLICATE_METHOD_MATCH = YES;
				COPY_PHASE_STRIP = NO;
				DEBUG_INFORMATION_FORMAT = "dwarf-with-dsym";
				ENABLE_NS_ASSERTIONS = NO;
				ENABLE_STRICT_OBJC_MSGSEND = YES;
				GCC_C_LANGUAGE_STANDARD = gnu11;
				GCC_NO_COMMON_BLOCKS = YES;
				GCC_WARN_64_TO_32_BIT_CONVERSION = YES;
				GCC_WARN_ABOUT_RETURN_TYPE = YES_ERROR;
				GCC_WARN_UNDECLARED_SELECTOR = YES;
				GCC_WARN_UNINITIALIZED_AUTOS = YES_AGGRESSIVE;
				GCC_WARN_UNUSED_FUNCTION = YES;
				GCC_WARN_UNUSED_VARIABLE = YES;
				IPHONEOS_DEPLOYMENT_TARGET = 13.4;
				MTL_ENABLE_DEBUG_INFO = NO;
				MTL_FAST_MATH = YES;
				SDKROOT = iphoneos;
				SWIFT_COMPILATION_MODE = wholemodule;
				SWIFT_OPTIMIZATION_LEVEL = "-O";
				VALIDATE_PRODUCT = YES;
			};
			name = Release;
		};
		2A173E9A245D5CA500FD3C05 /* Debug */ = {
			isa = XCBuildConfiguration;
			buildSettings = {
				ASSETCATALOG_COMPILER_APPICON_NAME = AppIcon;
				CODE_SIGN_STYLE = Automatic;
				DEVELOPMENT_TEAM = 9A923G56V9;
				INFOPLIST_FILE = MatchGame/Info.plist;
				LD_RUNPATH_SEARCH_PATHS = (
					"$(inherited)",
					"@executable_path/Frameworks",
				);
				PRODUCT_BUNDLE_IDENTIFIER = com.brandansayarath.MatchGame;
				PRODUCT_NAME = "$(TARGET_NAME)";
				SWIFT_VERSION = 5.0;
				TARGETED_DEVICE_FAMILY = "1,2";
			};
			name = Debug;
		};
		2A173E9B245D5CA500FD3C05 /* Release */ = {
			isa = XCBuildConfiguration;
			buildSettings = {
				ASSETCATALOG_COMPILER_APPICON_NAME = AppIcon;
				CODE_SIGN_STYLE = Automatic;
				DEVELOPMENT_TEAM = 9A923G56V9;
				INFOPLIST_FILE = MatchGame/Info.plist;
				LD_RUNPATH_SEARCH_PATHS = (
					"$(inherited)",
					"@executable_path/Frameworks",
				);
				PRODUCT_BUNDLE_IDENTIFIER = com.brandansayarath.MatchGame;
				PRODUCT_NAME = "$(TARGET_NAME)";
				SWIFT_VERSION = 5.0;
				TARGETED_DEVICE_FAMILY = "1,2";
			};
			name = Release;
		};
/* End XCBuildConfiguration section */

/* Begin XCConfigurationList section */
		2A173E80245D5CA400FD3C05 /* Build configuration list for PBXProject "MatchGame" */ = {
			isa = XCConfigurationList;
			buildConfigurations = (
				2A173E97245D5CA500FD3C05 /* Debug */,
				2A173E98245D5CA500FD3C05 /* Release */,
			);
			defaultConfigurationIsVisible = 0;
			defaultConfigurationName = Release;
		};
		2A173E99245D5CA500FD3C05 /* Build configuration list for PBXNativeTarget "MatchGame" */ = {
			isa = XCConfigurationList;
			buildConfigurations = (
				2A173E9A245D5CA500FD3C05 /* Debug */,
				2A173E9B245D5CA500FD3C05 /* Release */,
			);
			defaultConfigurationIsVisible = 0;
			defaultConfigurationName = Release;
		};
/* End XCConfigurationList section */
	};
	rootObject = 2A173E7D245D5CA400FD3C05 /* Project object */;
}
